github.com/kardianos/osext v0.0.0-20170510131534-ae77be60afb1 h1:PJPDf8OUfOK1bb/NeTKd4f1QXZItOX389VN3B6qC8ro=
github.com/kardianos/osext v0.0.0-20170510131534-ae77be60afb1/go.mod h1:1NbS8ALrpOvjt0rHPNLyCIeMtbizbir8U//inJ+zuB8=
github.com/kardianos/service v0.0.0-20180320115954-615a14ed7509 h1:h9KSKIrIU4ZakEOh77aRY9kV/qukcEBf9S/sar2D1Yc=
github.com/kardianos/service v0.0.0-20180320115954-615a14ed7509/go.mod h1:10UU/bEkzh2iEN6aYzbevY7J6p03KO5siTxQWXMEerg=
golang.org/x/sys v0.0.0-20180425194835-bb9c189858d9 h1:+wWbjU2lIhyVuf3l5jcSMKOCokMwx1eP/lpVWk1Ox0M=
golang.org/x/sys v0.0.0-20180425194835-bb9c189858d9/go.mod h1:STP8DvDyc/dI5b8T5hshtkjS+E42TnysNCUPdjciGhY=
